
Microsoft Visual Studio Solution File, Format Version 12.00
# Visual Studio Version 17
VisualStudioVersion = 17.5.33627.172
MinimumVisualStudioVersion = 10.0.40219.1
Project("{9A19103F-16F7-4668-BE54-9A1E7A4F7556}") = "TestProjectV1", "TestProjectV1\TestProjectV1.csproj", "{9AFED52B-6109-45BD-BF1F-439CFDD4CE14}"
EndProject
Project("{FAE04EC0-301F-11D3-BF4B-00C04F79EFBC}") = "TestLib", "TestLib\TestLib.csproj", "{3A3C276A-A46C-41DC-8461-11A08BA9CD16}"
EndProject
Global
	GlobalSection(SolutionConfigurationPlatforms) = preSolution
		Debug|Any CPU = Debug|Any CPU
		Release|Any CPU = Release|Any CPU
	EndGlobalSection
	GlobalSection(ProjectConfigurationPlatforms) = postSolution
		{9AFED52B-6109-45BD-BF1F-439CFDD4CE14}.Debug|Any CPU.ActiveCfg = Debug|Any CPU
		{9AFED52B-6109-45BD-BF1F-439CFDD4CE14}.Debug|Any CPU.Build.0 = Debug|Any CPU
		{9AFED52B-6109-45BD-BF1F-439CFDD4CE14}.Release|Any CPU.ActiveCfg = Release|Any CPU
		{9AFED52B-6109-45BD-BF1F-439CFDD4CE14}.Release|Any CPU.Build.0 = Release|Any CPU
		{3A3C276A-A46C-41DC-8461-11A08BA9CD16}.Debug|Any CPU.ActiveCfg = Debug|Any CPU
		{3A3C276A-A46C-41DC-8461-11A08BA9CD16}.Debug|Any CPU.Build.0 = Debug|Any CPU
		{3A3C276A-A46C-41DC-8461-11A08BA9CD16}.Release|Any CPU.ActiveCfg = Release|Any CPU
		{3A3C276A-A46C-41DC-8461-11A08BA9CD16}.Release|Any CPU.Build.0 = Release|Any CPU
	EndGlobalSection
	GlobalSection(SolutionProperties) = preSolution
		HideSolutionNode = FALSE
	EndGlobalSection
	GlobalSection(ExtensibilityGlobals) = postSolution
		SolutionGuid = {B0E71A15-36BA-46A0-A79A-F3DA3AAC078B}
	EndGlobalSection
EndGlobal
